
Microsoft Visual Studio Solution File, Format Version 12.00
# Visual Studio Version 16
VisualStudioVersion = 16.0.31321.278
MinimumVisualStudioVersion = 10.0.40219.1
Project("{8BC9CEB8-8B4A-11D0-8D11-00A0C91BC942}") = "Minecraft", "Minecraft Clone\Minecraft Clone.vcxproj", "{2889C0F9-A24A-463D-BC30-D90E36168E9E}"
EndProject
Project("{2150E333-8FDC-42A3-9474-1A3956D46DE8}") = "Common", "Common", "{38C1E609-D67F-463D-A373-4AFB4ABE1B18}"
EndProject
Project("{2150E333-8FDC-42A3-9474-1A3956D46DE8}") = "Minecraft", "Minecraft", "{0D2AF32F-95D1-4AD0-9C91-1B8777B39513}"
EndProject
Project("{8BC9CEB8-8B4A-11D0-8D11-00A0C91BC942}") = "AudioLib", "AudioLib\AudioLib.vcxproj", "{1CCF8905-6B37-4FE9-9C49-6832D1909BCC}"
EndProject
Project("{8BC9CEB8-8B4A-11D0-8D11-00A0C91BC942}") = "ScriptEngine", "ScriptEngine\ScriptEngine.vcxproj", "{B2CED0CF-B10E-437B-A70C-D77A01845721}"
EndProject
Project("{8BC9CEB8-8B4A-11D0-8D11-00A0C91BC942}") = "Math", "Math\Math.vcxproj", "{ED230649-C8E0-42C6-9D12-476C3D032AE5}"
EndProject
Project("{8BC9CEB8-8B4A-11D0-8D11-00A0C91BC942}") = "Logger", "Logger\Logger.vcxproj", "{210C6470-1940-49E2-BA26-9E430E58841E}"
EndProject
Project("{8BC9CEB8-8B4A-11D0-8D11-00A0C91BC942}") = "Graphics", "Graphics\Graphics.vcxproj", "{B955BB6C-2C17-4F70-A715-0B05C225B17A}"
EndProject
Project("{2150E333-8FDC-42A3-9474-1A3956D46DE8}") = "Framework", "Framework", "{5DA84248-A9DE-4227-936D-18EA04E769D3}"
EndProject
Project("{8BC9CEB8-8B4A-11D0-8D11-00A0C91BC942}") = "Gameobjects", "Gameobjects\Gameobjects.vcxproj", "{D91E785F-70AE-426F-AD0B-A25F59497618}"
EndProject
Project("{2150E333-8FDC-42A3-9474-1A3956D46DE8}") = "File Serializers", "File Serializers", "{D37431AC-CD97-4E4C-ADD6-C7F225D847F9}"
EndProject
Project("{8BC9CEB8-8B4A-11D0-8D11-00A0C91BC942}") = "JSON Serializer", "JSON Serializer\JSON Serializer.vcxproj", "{BA65923F-BE84-4883-835A-5524A95FD792}"
EndProject
Project("{8BC9CEB8-8B4A-11D0-8D11-00A0C91BC942}") = "CSV Serializer", "CSV Serializer\CSV Serializer.vcxproj", "{3DCA5E45-39EA-41ED-AD92-A88143AFB93F}"
EndProject
Project("{8BC9CEB8-8B4A-11D0-8D11-00A0C91BC942}") = "XML Serializer", "XML Serializer\XML Serializer.vcxproj", "{CAB319FE-5D61-43C0-B68D-7A8A64EB44E1}"
EndProject
Project("{8BC9CEB8-8B4A-11D0-8D11-00A0C91BC942}") = "Utils", "Utils\Utils.vcxproj", "{7960A9EC-BD36-4BC3-935A-61332FC4CA92}"
EndProject
Global
	GlobalSection(SolutionConfigurationPlatforms) = preSolution
		Debug|ARM = Debug|ARM
		Debug|ARM64 = Debug|ARM64
		Debug|x64 = Debug|x64
		Debug|x86 = Debug|x86
		Release|ARM = Release|ARM
		Release|ARM64 = Release|ARM64
		Release|x64 = Release|x64
		Release|x86 = Release|x86
	EndGlobalSection
	GlobalSection(ProjectConfigurationPlatforms) = postSolution
		{2889C0F9-A24A-463D-BC30-D90E36168E9E}.Debug|ARM.ActiveCfg = Debug|Win32
		{2889C0F9-A24A-463D-BC30-D90E36168E9E}.Debug|ARM64.ActiveCfg = Debug|Win32
		{2889C0F9-A24A-463D-BC30-D90E36168E9E}.Debug|x64.ActiveCfg = Debug|x64
		{2889C0F9-A24A-463D-BC30-D90E36168E9E}.Debug|x64.Build.0 = Debug|x64
		{2889C0F9-A24A-463D-BC30-D90E36168E9E}.Debug|x86.ActiveCfg = Debug|Win32
		{2889C0F9-A24A-463D-BC30-D90E36168E9E}.Debug|x86.Build.0 = Debug|Win32
		{2889C0F9-A24A-463D-BC30-D90E36168E9E}.Release|ARM.ActiveCfg = Release|Win32
		{2889C0F9-A24A-463D-BC30-D90E36168E9E}.Release|ARM64.ActiveCfg = Release|Win32
		{2889C0F9-A24A-463D-BC30-D90E36168E9E}.Release|x64.ActiveCfg = Release|x64
		{2889C0F9-A24A-463D-BC30-D90E36168E9E}.Release|x64.Build.0 = Release|x64
		{2889C0F9-A24A-463D-BC30-D90E36168E9E}.Release|x86.ActiveCfg = Release|Win32
		{2889C0F9-A24A-463D-BC30-D90E36168E9E}.Release|x86.Build.0 = Release|Win32
		{1CCF8905-6B37-4FE9-9C49-6832D1909BCC}.Debug|ARM.ActiveCfg = Debug|Win32
		{1CCF8905-6B37-4FE9-9C49-6832D1909BCC}.Debug|ARM64.ActiveCfg = Debug|Win32
		{1CCF8905-6B37-4FE9-9C49-6832D1909BCC}.Debug|x64.ActiveCfg = Debug|x64
		{1CCF8905-6B37-4FE9-9C49-6832D1909BCC}.Debug|x64.Build.0 = Debug|x64
		{1CCF8905-6B37-4FE9-9C49-6832D1909BCC}.Debug|x86.ActiveCfg = Debug|Win32
		{1CCF8905-6B37-4FE9-9C49-6832D1909BCC}.Debug|x86.Build.0 = Debug|Win32
		{1CCF8905-6B37-4FE9-9C49-6832D1909BCC}.Release|ARM.ActiveCfg = Release|Win32
		{1CCF8905-6B37-4FE9-9C49-6832D1909BCC}.Release|ARM64.ActiveCfg = Release|Win32
		{1CCF8905-6B37-4FE9-9C49-6832D1909BCC}.Release|x64.ActiveCfg = Release|x64
		{1CCF8905-6B37-4FE9-9C49-6832D1909BCC}.Release|x64.Build.0 = Release|x64
		{1CCF8905-6B37-4FE9-9C49-6832D1909BCC}.Release|x86.ActiveCfg = Release|Win32
		{1CCF8905-6B37-4FE9-9C49-6832D1909BCC}.Release|x86.Build.0 = Release|Win32
		{B2CED0CF-B10E-437B-A70C-D77A01845721}.Debug|ARM.ActiveCfg = Debug|Win32
		{B2CED0CF-B10E-437B-A70C-D77A01845721}.Debug|ARM64.ActiveCfg = Debug|Win32
		{B2CED0CF-B10E-437B-A70C-D77A01845721}.Debug|x64.ActiveCfg = Debug|x64
		{B2CED0CF-B10E-437B-A70C-D77A01845721}.Debug|x64.Build.0 = Debug|x64
		{B2CED0CF-B10E-437B-A70C-D77A01845721}.Debug|x86.ActiveCfg = Debug|Win32
		{B2CED0CF-B10E-437B-A70C-D77A01845721}.Debug|x86.Build.0 = Debug|Win32
		{B2CED0CF-B10E-437B-A70C-D77A01845721}.Release|ARM.ActiveCfg = Release|Win32
		{B2CED0CF-B10E-437B-A70C-D77A01845721}.Release|ARM64.ActiveCfg = Release|Win32
		{B2CED0CF-B10E-437B-A70C-D77A01845721}.Release|x64.ActiveCfg = Release|x64
		{B2CED0CF-B10E-437B-A70C-D77A01845721}.Release|x64.Build.0 = Release|x64
		{B2CED0CF-B10E-437B-A70C-D77A01845721}.Release|x86.ActiveCfg = Release|Win32
		{B2CED0CF-B10E-437B-A70C-D77A01845721}.Release|x86.Build.0 = Release|Win32
		{ED230649-C8E0-42C6-9D12-476C3D032AE5}.Debug|ARM.ActiveCfg = Debug|Win32
		{ED230649-C8E0-42C6-9D12-476C3D032AE5}.Debug|ARM64.ActiveCfg = Debug|Win32
		{ED230649-C8E0-42C6-9D12-476C3D032AE5}.Debug|x64.ActiveCfg = Debug|x64
		{ED230649-C8E0-42C6-9D12-476C3D032AE5}.Debug|x64.Build.0 = Debug|x64
		{ED230649-C8E0-42C6-9D12-476C3D032AE5}.Debug|x86.ActiveCfg = Debug|Win32
		{ED230649-C8E0-42C6-9D12-476C3D032AE5}.Debug|x86.Build.0 = Debug|Win32
		{ED230649-C8E0-42C6-9D12-476C3D032AE5}.Release|ARM.ActiveCfg = Release|Win32
		{ED230649-C8E0-42C6-9D12-476C3D032AE5}.Release|ARM64.ActiveCfg = Release|Win32
		{ED230649-C8E0-42C6-9D12-476C3D032AE5}.Release|x64.ActiveCfg = Release|x64
		{ED230649-C8E0-42C6-9D12-476C3D032AE5}.Release|x64.Build.0 = Release|x64
		{ED230649-C8E0-42C6-9D12-476C3D032AE5}.Release|x86.ActiveCfg = Release|Win32
		{ED230649-C8E0-42C6-9D12-476C3D032AE5}.Release|x86.Build.0 = Release|Win32
		{210C6470-1940-49E2-BA26-9E430E58841E}.Debug|ARM.ActiveCfg = Debug|Win32
		{210C6470-1940-49E2-BA26-9E430E58841E}.Debug|ARM64.ActiveCfg = Debug|Win32
		{210C6470-1940-49E2-BA26-9E430E58841E}.Debug|x64.ActiveCfg = Debug|x64
		{210C6470-1940-49E2-BA26-9E430E58841E}.Debug|x64.Build.0 = Debug|x64
		{210C6470-1940-49E2-BA26-9E430E58841E}.Debug|x86.ActiveCfg = Debug|Win32
		{210C6470-1940-49E2-BA26-9E430E58841E}.Debug|x86.Build.0 = Debug|Win32
		{210C6470-1940-49E2-BA26-9E430E58841E}.Release|ARM.ActiveCfg = Release|Win32
		{210C6470-1940-49E2-BA26-9E430E58841E}.Release|ARM64.ActiveCfg = Release|Win32
		{210C6470-1940-49E2-BA26-9E430E58841E}.Release|x64.ActiveCfg = Release|x64
		{210C6470-1940-49E2-BA26-9E430E58841E}.Release|x64.Build.0 = Release|x64
		{210C6470-1940-49E2-BA26-9E430E58841E}.Release|x86.ActiveCfg = Release|Win32
		{210C6470-1940-49E2-BA26-9E430E58841E}.Release|x86.Build.0 = Release|Win32
		{B955BB6C-2C17-4F70-A715-0B05C225B17A}.Debug|ARM.ActiveCfg = Debug|Win32
		{B955BB6C-2C17-4F70-A715-0B05C225B17A}.Debug|ARM64.ActiveCfg = Debug|Win32
		{B955BB6C-2C17-4F70-A715-0B05C225B17A}.Debug|x64.ActiveCfg = Debug|x64
		{B955BB6C-2C17-4F70-A715-0B05C225B17A}.Debug|x64.Build.0 = Debug|x64
		{B955BB6C-2C17-4F70-A715-0B05C225B17A}.Debug|x86.ActiveCfg = Debug|Win32
		{B955BB6C-2C17-4F70-A715-0B05C225B17A}.Debug|x86.Build.0 = Debug|Win32
		{B955BB6C-2C17-4F70-A715-0B05C225B17A}.Release|ARM.ActiveCfg = Release|Win32
		{B955BB6C-2C17-4F70-A715-0B05C225B17A}.Release|ARM64.ActiveCfg = Release|Win32
		{B955BB6C-2C17-4F70-A715-0B05C225B17A}.Release|x64.ActiveCfg = Release|x64
		{B955BB6C-2C17-4F70-A715-0B05C225B17A}.Release|x64.Build.0 = Release|x64
		{B955BB6C-2C17-4F70-A715-0B05C225B17A}.Release|x86.ActiveCfg = Release|Win32
		{B955BB6C-2C17-4F70-A715-0B05C225B17A}.Release|x86.Build.0 = Release|Win32
		{D91E785F-70AE-426F-AD0B-A25F59497618}.Debug|ARM.ActiveCfg = Debug|Win32
		{D91E785F-70AE-426F-AD0B-A25F59497618}.Debug|ARM64.ActiveCfg = Debug|Win32
		{D91E785F-70AE-426F-AD0B-A25F59497618}.Debug|x64.ActiveCfg = Debug|x64
		{D91E785F-70AE-426F-AD0B-A25F59497618}.Debug|x64.Build.0 = Debug|x64
		{D91E785F-70AE-426F-AD0B-A25F59497618}.Debug|x86.ActiveCfg = Debug|Win32
		{D91E785F-70AE-426F-AD0B-A25F59497618}.Debug|x86.Build.0 = Debug|Win32
		{D91E785F-70AE-426F-AD0B-A25F59497618}.Release|ARM.ActiveCfg = Release|Win32
		{D91E785F-70AE-426F-AD0B-A25F59497618}.Release|ARM64.ActiveCfg = Release|Win32
		{D91E785F-70AE-426F-AD0B-A25F59497618}.Release|x64.ActiveCfg = Release|x64
		{D91E785F-70AE-426F-AD0B-A25F59497618}.Release|x64.Build.0 = Release|x64
		{D91E785F-70AE-426F-AD0B-A25F59497618}.Release|x86.ActiveCfg = Release|Win32
		{D91E785F-70AE-426F-AD0B-A25F59497618}.Release|x86.Build.0 = Release|Win32
		{BA65923F-BE84-4883-835A-5524A95FD792}.Debug|ARM.ActiveCfg = Debug|Win32
		{BA65923F-BE84-4883-835A-5524A95FD792}.Debug|ARM64.ActiveCfg = Debug|Win32
		{BA65923F-BE84-4883-835A-5524A95FD792}.Debug|x64.ActiveCfg = Debug|x64
		{BA65923F-BE84-4883-835A-5524A95FD792}.Debug|x64.Build.0 = Debug|x64
		{BA65923F-BE84-4883-835A-5524A95FD792}.Debug|x86.ActiveCfg = Debug|Win32
		{BA65923F-BE84-4883-835A-5524A95FD792}.Debug|x86.Build.0 = Debug|Win32
		{BA65923F-BE84-4883-835A-5524A95FD792}.Release|ARM.ActiveCfg = Release|Win32
		{BA65923F-BE84-4883-835A-5524A95FD792}.Release|ARM64.ActiveCfg = Release|Win32
		{BA65923F-BE84-4883-835A-5524A95FD792}.Release|x64.ActiveCfg = Release|x64
		{BA65923F-BE84-4883-835A-5524A95FD792}.Release|x64.Build.0 = Release|x64
		{BA65923F-BE84-4883-835A-5524A95FD792}.Release|x86.ActiveCfg = Release|Win32
		{BA65923F-BE84-4883-835A-5524A95FD792}.Release|x86.Build.0 = Release|Win32
		{3DCA5E45-39EA-41ED-AD92-A88143AFB93F}.Debug|ARM.ActiveCfg = Debug|Win32
		{3DCA5E45-39EA-41ED-AD92-A88143AFB93F}.Debug|ARM64.ActiveCfg = Debug|Win32
		{3DCA5E45-39EA-41ED-AD92-A88143AFB93F}.Debug|x64.ActiveCfg = Debug|x64
		{3DCA5E45-39EA-41ED-AD92-A88143AFB93F}.Debug|x64.Build.0 = Debug|x64
		{3DCA5E45-39EA-41ED-AD92-A88143AFB93F}.Debug|x86.ActiveCfg = Debug|Win32
		{3DCA5E45-39EA-41ED-AD92-A88143AFB93F}.Debug|x86.Build.0 = Debug|Win32
		{3DCA5E45-39EA-41ED-AD92-A88143AFB93F}.Release|ARM.ActiveCfg = Release|Win32
		{3DCA5E45-39EA-41ED-AD92-A88143AFB93F}.Release|ARM64.ActiveCfg = Release|Win32
		{3DCA5E45-39EA-41ED-AD92-A88143AFB93F}.Release|x64.ActiveCfg = Release|x64
		{3DCA5E45-39EA-41ED-AD92-A88143AFB93F}.Release|x64.Build.0 = Release|x64
		{3DCA5E45-39EA-41ED-AD92-A88143AFB93F}.Release|x86.ActiveCfg = Release|Win32
		{3DCA5E45-39EA-41ED-AD92-A88143AFB93F}.Release|x86.Build.0 = Release|Win32
		{CAB319FE-5D61-43C0-B68D-7A8A64EB44E1}.Debug|ARM.ActiveCfg = Debug|Win32
		{CAB319FE-5D61-43C0-B68D-7A8A64EB44E1}.Debug|ARM64.ActiveCfg = Debug|Win32
		{CAB319FE-5D61-43C0-B68D-7A8A64EB44E1}.Debug|x64.ActiveCfg = Debug|x64
		{CAB319FE-5D61-43C0-B68D-7A8A64EB44E1}.Debug|x64.Build.0 = Debug|x64
		{CAB319FE-5D61-43C0-B68D-7A8A64EB44E1}.Debug|x86.ActiveCfg = Debug|Win32
		{CAB319FE-5D61-43C0-B68D-7A8A64EB44E1}.Debug|x86.Build.0 = Debug|Win32
		{CAB319FE-5D61-43C0-B68D-7A8A64EB44E1}.Release|ARM.ActiveCfg = Release|Win32
		{CAB319FE-5D61-43C0-B68D-7A8A64EB44E1}.Release|ARM64.ActiveCfg = Release|Win32
		{CAB319FE-5D61-43C0-B68D-7A8A64EB44E1}.Release|x64.ActiveCfg = Release|x64
		{CAB319FE-5D61-43C0-B68D-7A8A64EB44E1}.Release|x64.Build.0 = Release|x64
		{CAB319FE-5D61-43C0-B68D-7A8A64EB44E1}.Release|x86.ActiveCfg = Release|Win32
		{CAB319FE-5D61-43C0-B68D-7A8A64EB44E1}.Release|x86.Build.0 = Release|Win32
		{7960A9EC-BD36-4BC3-935A-61332FC4CA92}.Debug|ARM.ActiveCfg = Debug|Win32
		{7960A9EC-BD36-4BC3-935A-61332FC4CA92}.Debug|ARM64.ActiveCfg = Debug|Win32
		{7960A9EC-BD36-4BC3-935A-61332FC4CA92}.Debug|x64.ActiveCfg = Debug|x64
		{7960A9EC-BD36-4BC3-935A-61332FC4CA92}.Debug|x64.Build.0 = Debug|x64
		{7960A9EC-BD36-4BC3-935A-61332FC4CA92}.Debug|x86.ActiveCfg = Debug|Win32
		{7960A9EC-BD36-4BC3-935A-61332FC4CA92}.Debug|x86.Build.0 = Debug|Win32
		{7960A9EC-BD36-4BC3-935A-61332FC4CA92}.Release|ARM.ActiveCfg = Release|Win32
		{7960A9EC-BD36-4BC3-935A-61332FC4CA92}.Release|ARM64.ActiveCfg = Release|Win32
		{7960A9EC-BD36-4BC3-935A-61332FC4CA92}.Release|x64.ActiveCfg = Release|x64
		{7960A9EC-BD36-4BC3-935A-61332FC4CA92}.Release|x64.Build.0 = Release|x64
		{7960A9EC-BD36-4BC3-935A-61332FC4CA92}.Release|x86.ActiveCfg = Release|Win32
		{7960A9EC-BD36-4BC3-935A-61332FC4CA92}.Release|x86.Build.0 = Release|Win32
	EndGlobalSection
	GlobalSection(SolutionProperties) = preSolution
		HideSolutionNode = FALSE
	EndGlobalSection
	GlobalSection(NestedProjects) = preSolution
		{2889C0F9-A24A-463D-BC30-D90E36168E9E} = {0D2AF32F-95D1-4AD0-9C91-1B8777B39513}
		{1CCF8905-6B37-4FE9-9C49-6832D1909BCC} = {5DA84248-A9DE-4227-936D-18EA04E769D3}
		{B2CED0CF-B10E-437B-A70C-D77A01845721} = {5DA84248-A9DE-4227-936D-18EA04E769D3}
		{ED230649-C8E0-42C6-9D12-476C3D032AE5} = {38C1E609-D67F-463D-A373-4AFB4ABE1B18}
		{210C6470-1940-49E2-BA26-9E430E58841E} = {38C1E609-D67F-463D-A373-4AFB4ABE1B18}
		{B955BB6C-2C17-4F70-A715-0B05C225B17A} = {5DA84248-A9DE-4227-936D-18EA04E769D3}
		{D91E785F-70AE-426F-AD0B-A25F59497618} = {5DA84248-A9DE-4227-936D-18EA04E769D3}
		{D37431AC-CD97-4E4C-ADD6-C7F225D847F9} = {38C1E609-D67F-463D-A373-4AFB4ABE1B18}
		{BA65923F-BE84-4883-835A-5524A95FD792} = {D37431AC-CD97-4E4C-ADD6-C7F225D847F9}
		{3DCA5E45-39EA-41ED-AD92-A88143AFB93F} = {D37431AC-CD97-4E4C-ADD6-C7F225D847F9}
		{CAB319FE-5D61-43C0-B68D-7A8A64EB44E1} = {D37431AC-CD97-4E4C-ADD6-C7F225D847F9}
		{7960A9EC-BD36-4BC3-935A-61332FC4CA92} = {38C1E609-D67F-463D-A373-4AFB4ABE1B18}
	EndGlobalSection
	GlobalSection(ExtensibilityGlobals) = postSolution
		SolutionGuid = {68C77DD7-44A9-4B22-9215-05B22D555264}
	EndGlobalSection
EndGlobal
