
Microsoft Visual Studio Solution File, Format Version 12.00
# Visual Studio Version 17
VisualStudioVersion = 17.0.32112.339
MinimumVisualStudioVersion = 10.0.40219.1
Project("{8BC9CEB8-8B4A-11D0-8D11-00A0C91BC942}") = "Minecraft", "Minecraft Clone\Minecraft Clone.vcxproj", "{2889C0F9-A24A-463D-BC30-D90E36168E9E}"
EndProject
Project("{2150E333-8FDC-42A3-9474-1A3956D46DE8}") = "Common", "Common", "{38C1E609-D67F-463D-A373-4AFB4ABE1B18}"
EndProject
Project("{2150E333-8FDC-42A3-9474-1A3956D46DE8}") = "Minecraft", "Minecraft", "{0D2AF32F-95D1-4AD0-9C91-1B8777B39513}"
EndProject
Project("{8BC9CEB8-8B4A-11D0-8D11-00A0C91BC942}") = "Math", "Math\Math.vcxproj", "{ED230649-C8E0-42C6-9D12-476C3D032AE5}"
EndProject
Project("{8BC9CEB8-8B4A-11D0-8D11-00A0C91BC942}") = "Logger", "Logger\Logger.vcxproj", "{210C6470-1940-49E2-BA26-9E430E58841E}"
EndProject
Project("{2150E333-8FDC-42A3-9474-1A3956D46DE8}") = "Framework", "Framework", "{5DA84248-A9DE-4227-936D-18EA04E769D3}"
EndProject
Project("{8BC9CEB8-8B4A-11D0-8D11-00A0C91BC942}") = "Utils", "Utils\Utils.vcxproj", "{7960A9EC-BD36-4BC3-935A-61332FC4CA92}"
EndProject
Project("{8BC9CEB8-8B4A-11D0-8D11-00A0C91BC942}") = "Audio Engine", "AudioLib\AudioLib.vcxproj", "{8E9F03C2-40BB-46BB-B625-CC8132D32458}"
EndProject
Project("{8BC9CEB8-8B4A-11D0-8D11-00A0C91BC942}") = "Render Engine", "Render Engine\Render Engine.vcxproj", "{6BDF72AB-E6BA-412F-AB0A-0CC28B5BB8DF}"
EndProject
Project("{8BC9CEB8-8B4A-11D0-8D11-00A0C91BC942}") = "Script Engine", "ScriptEngine\ScriptEngine.vcxproj", "{9E853DDD-2025-4E2F-9306-E64653DC3F3A}"
EndProject
Project("{2150E333-8FDC-42A3-9474-1A3956D46DE8}") = "Engine", "Engine", "{60004A07-730B-42EF-BC88-EAD97252F55E}"
EndProject
Project("{8BC9CEB8-8B4A-11D0-8D11-00A0C91BC942}") = "Engine", "Engine\Engine.vcxproj", "{92CF3B55-5B70-48F7-AF0A-0445A7532141}"
EndProject
Project("{8BC9CEB8-8B4A-11D0-8D11-00A0C91BC942}") = "Serializers", "Serializers\Serializers.vcxproj", "{3D37B536-91F3-4D7C-8F58-AE4CC2824A01}"
EndProject
Global
	GlobalSection(SolutionConfigurationPlatforms) = preSolution
		Debug|ARM = Debug|ARM
		Debug|ARM64 = Debug|ARM64
		Debug|x64 = Debug|x64
		Debug|x86 = Debug|x86
		Release|ARM = Release|ARM
		Release|ARM64 = Release|ARM64
		Release|x64 = Release|x64
		Release|x86 = Release|x86
	EndGlobalSection
	GlobalSection(ProjectConfigurationPlatforms) = postSolution
		{2889C0F9-A24A-463D-BC30-D90E36168E9E}.Debug|ARM.ActiveCfg = Debug|Win32
		{2889C0F9-A24A-463D-BC30-D90E36168E9E}.Debug|ARM64.ActiveCfg = Debug|Win32
		{2889C0F9-A24A-463D-BC30-D90E36168E9E}.Debug|x64.ActiveCfg = Debug|x64
		{2889C0F9-A24A-463D-BC30-D90E36168E9E}.Debug|x64.Build.0 = Debug|x64
		{2889C0F9-A24A-463D-BC30-D90E36168E9E}.Debug|x86.ActiveCfg = Debug|Win32
		{2889C0F9-A24A-463D-BC30-D90E36168E9E}.Debug|x86.Build.0 = Debug|Win32
		{2889C0F9-A24A-463D-BC30-D90E36168E9E}.Release|ARM.ActiveCfg = Release|Win32
		{2889C0F9-A24A-463D-BC30-D90E36168E9E}.Release|ARM64.ActiveCfg = Release|Win32
		{2889C0F9-A24A-463D-BC30-D90E36168E9E}.Release|x64.ActiveCfg = Release|x64
		{2889C0F9-A24A-463D-BC30-D90E36168E9E}.Release|x64.Build.0 = Release|x64
		{2889C0F9-A24A-463D-BC30-D90E36168E9E}.Release|x86.ActiveCfg = Release|Win32
		{2889C0F9-A24A-463D-BC30-D90E36168E9E}.Release|x86.Build.0 = Release|Win32
		{ED230649-C8E0-42C6-9D12-476C3D032AE5}.Debug|ARM.ActiveCfg = Debug|Win32
		{ED230649-C8E0-42C6-9D12-476C3D032AE5}.Debug|ARM64.ActiveCfg = Debug|Win32
		{ED230649-C8E0-42C6-9D12-476C3D032AE5}.Debug|x64.ActiveCfg = Debug|x64
		{ED230649-C8E0-42C6-9D12-476C3D032AE5}.Debug|x64.Build.0 = Debug|x64
		{ED230649-C8E0-42C6-9D12-476C3D032AE5}.Debug|x86.ActiveCfg = Debug|Win32
		{ED230649-C8E0-42C6-9D12-476C3D032AE5}.Debug|x86.Build.0 = Debug|Win32
		{ED230649-C8E0-42C6-9D12-476C3D032AE5}.Release|ARM.ActiveCfg = Release|Win32
		{ED230649-C8E0-42C6-9D12-476C3D032AE5}.Release|ARM64.ActiveCfg = Release|Win32
		{ED230649-C8E0-42C6-9D12-476C3D032AE5}.Release|x64.ActiveCfg = Release|x64
		{ED230649-C8E0-42C6-9D12-476C3D032AE5}.Release|x64.Build.0 = Release|x64
		{ED230649-C8E0-42C6-9D12-476C3D032AE5}.Release|x86.ActiveCfg = Release|Win32
		{ED230649-C8E0-42C6-9D12-476C3D032AE5}.Release|x86.Build.0 = Release|Win32
		{210C6470-1940-49E2-BA26-9E430E58841E}.Debug|ARM.ActiveCfg = Debug|Win32
		{210C6470-1940-49E2-BA26-9E430E58841E}.Debug|ARM64.ActiveCfg = Debug|Win32
		{210C6470-1940-49E2-BA26-9E430E58841E}.Debug|x64.ActiveCfg = Debug|x64
		{210C6470-1940-49E2-BA26-9E430E58841E}.Debug|x64.Build.0 = Debug|x64
		{210C6470-1940-49E2-BA26-9E430E58841E}.Debug|x86.ActiveCfg = Debug|Win32
		{210C6470-1940-49E2-BA26-9E430E58841E}.Debug|x86.Build.0 = Debug|Win32
		{210C6470-1940-49E2-BA26-9E430E58841E}.Release|ARM.ActiveCfg = Release|Win32
		{210C6470-1940-49E2-BA26-9E430E58841E}.Release|ARM64.ActiveCfg = Release|Win32
		{210C6470-1940-49E2-BA26-9E430E58841E}.Release|x64.ActiveCfg = Release|x64
		{210C6470-1940-49E2-BA26-9E430E58841E}.Release|x64.Build.0 = Release|x64
		{210C6470-1940-49E2-BA26-9E430E58841E}.Release|x86.ActiveCfg = Release|Win32
		{210C6470-1940-49E2-BA26-9E430E58841E}.Release|x86.Build.0 = Release|Win32
		{7960A9EC-BD36-4BC3-935A-61332FC4CA92}.Debug|ARM.ActiveCfg = Debug|Win32
		{7960A9EC-BD36-4BC3-935A-61332FC4CA92}.Debug|ARM64.ActiveCfg = Debug|Win32
		{7960A9EC-BD36-4BC3-935A-61332FC4CA92}.Debug|x64.ActiveCfg = Debug|x64
		{7960A9EC-BD36-4BC3-935A-61332FC4CA92}.Debug|x64.Build.0 = Debug|x64
		{7960A9EC-BD36-4BC3-935A-61332FC4CA92}.Debug|x86.ActiveCfg = Debug|Win32
		{7960A9EC-BD36-4BC3-935A-61332FC4CA92}.Debug|x86.Build.0 = Debug|Win32
		{7960A9EC-BD36-4BC3-935A-61332FC4CA92}.Release|ARM.ActiveCfg = Release|Win32
		{7960A9EC-BD36-4BC3-935A-61332FC4CA92}.Release|ARM64.ActiveCfg = Release|Win32
		{7960A9EC-BD36-4BC3-935A-61332FC4CA92}.Release|x64.ActiveCfg = Release|x64
		{7960A9EC-BD36-4BC3-935A-61332FC4CA92}.Release|x64.Build.0 = Release|x64
		{7960A9EC-BD36-4BC3-935A-61332FC4CA92}.Release|x86.ActiveCfg = Release|Win32
		{7960A9EC-BD36-4BC3-935A-61332FC4CA92}.Release|x86.Build.0 = Release|Win32
		{8E9F03C2-40BB-46BB-B625-CC8132D32458}.Debug|ARM.ActiveCfg = Debug|Win32
		{8E9F03C2-40BB-46BB-B625-CC8132D32458}.Debug|ARM64.ActiveCfg = Debug|Win32
		{8E9F03C2-40BB-46BB-B625-CC8132D32458}.Debug|x64.ActiveCfg = Debug|x64
		{8E9F03C2-40BB-46BB-B625-CC8132D32458}.Debug|x64.Build.0 = Debug|x64
		{8E9F03C2-40BB-46BB-B625-CC8132D32458}.Debug|x86.ActiveCfg = Debug|Win32
		{8E9F03C2-40BB-46BB-B625-CC8132D32458}.Debug|x86.Build.0 = Debug|Win32
		{8E9F03C2-40BB-46BB-B625-CC8132D32458}.Release|ARM.ActiveCfg = Release|Win32
		{8E9F03C2-40BB-46BB-B625-CC8132D32458}.Release|ARM64.ActiveCfg = Release|Win32
		{8E9F03C2-40BB-46BB-B625-CC8132D32458}.Release|x64.ActiveCfg = Release|x64
		{8E9F03C2-40BB-46BB-B625-CC8132D32458}.Release|x64.Build.0 = Release|x64
		{8E9F03C2-40BB-46BB-B625-CC8132D32458}.Release|x86.ActiveCfg = Release|Win32
		{8E9F03C2-40BB-46BB-B625-CC8132D32458}.Release|x86.Build.0 = Release|Win32
		{6BDF72AB-E6BA-412F-AB0A-0CC28B5BB8DF}.Debug|ARM.ActiveCfg = Debug|Win32
		{6BDF72AB-E6BA-412F-AB0A-0CC28B5BB8DF}.Debug|ARM64.ActiveCfg = Debug|Win32
		{6BDF72AB-E6BA-412F-AB0A-0CC28B5BB8DF}.Debug|x64.ActiveCfg = Debug|x64
		{6BDF72AB-E6BA-412F-AB0A-0CC28B5BB8DF}.Debug|x64.Build.0 = Debug|x64
		{6BDF72AB-E6BA-412F-AB0A-0CC28B5BB8DF}.Debug|x86.ActiveCfg = Debug|Win32
		{6BDF72AB-E6BA-412F-AB0A-0CC28B5BB8DF}.Debug|x86.Build.0 = Debug|Win32
		{6BDF72AB-E6BA-412F-AB0A-0CC28B5BB8DF}.Release|ARM.ActiveCfg = Release|Win32
		{6BDF72AB-E6BA-412F-AB0A-0CC28B5BB8DF}.Release|ARM64.ActiveCfg = Release|Win32
		{6BDF72AB-E6BA-412F-AB0A-0CC28B5BB8DF}.Release|x64.ActiveCfg = Release|x64
		{6BDF72AB-E6BA-412F-AB0A-0CC28B5BB8DF}.Release|x64.Build.0 = Release|x64
		{6BDF72AB-E6BA-412F-AB0A-0CC28B5BB8DF}.Release|x86.ActiveCfg = Release|Win32
		{6BDF72AB-E6BA-412F-AB0A-0CC28B5BB8DF}.Release|x86.Build.0 = Release|Win32
		{9E853DDD-2025-4E2F-9306-E64653DC3F3A}.Debug|ARM.ActiveCfg = Debug|Win32
		{9E853DDD-2025-4E2F-9306-E64653DC3F3A}.Debug|ARM64.ActiveCfg = Debug|Win32
		{9E853DDD-2025-4E2F-9306-E64653DC3F3A}.Debug|x64.ActiveCfg = Debug|x64
		{9E853DDD-2025-4E2F-9306-E64653DC3F3A}.Debug|x64.Build.0 = Debug|x64
		{9E853DDD-2025-4E2F-9306-E64653DC3F3A}.Debug|x86.ActiveCfg = Debug|Win32
		{9E853DDD-2025-4E2F-9306-E64653DC3F3A}.Debug|x86.Build.0 = Debug|Win32
		{9E853DDD-2025-4E2F-9306-E64653DC3F3A}.Release|ARM.ActiveCfg = Release|Win32
		{9E853DDD-2025-4E2F-9306-E64653DC3F3A}.Release|ARM64.ActiveCfg = Release|Win32
		{9E853DDD-2025-4E2F-9306-E64653DC3F3A}.Release|x64.ActiveCfg = Release|x64
		{9E853DDD-2025-4E2F-9306-E64653DC3F3A}.Release|x64.Build.0 = Release|x64
		{9E853DDD-2025-4E2F-9306-E64653DC3F3A}.Release|x86.ActiveCfg = Release|Win32
		{9E853DDD-2025-4E2F-9306-E64653DC3F3A}.Release|x86.Build.0 = Release|Win32
		{92CF3B55-5B70-48F7-AF0A-0445A7532141}.Debug|ARM.ActiveCfg = Debug|Win32
		{92CF3B55-5B70-48F7-AF0A-0445A7532141}.Debug|ARM64.ActiveCfg = Debug|Win32
		{92CF3B55-5B70-48F7-AF0A-0445A7532141}.Debug|x64.ActiveCfg = Debug|x64
		{92CF3B55-5B70-48F7-AF0A-0445A7532141}.Debug|x64.Build.0 = Debug|x64
		{92CF3B55-5B70-48F7-AF0A-0445A7532141}.Debug|x86.ActiveCfg = Debug|Win32
		{92CF3B55-5B70-48F7-AF0A-0445A7532141}.Debug|x86.Build.0 = Debug|Win32
		{92CF3B55-5B70-48F7-AF0A-0445A7532141}.Release|ARM.ActiveCfg = Release|Win32
		{92CF3B55-5B70-48F7-AF0A-0445A7532141}.Release|ARM64.ActiveCfg = Release|Win32
		{92CF3B55-5B70-48F7-AF0A-0445A7532141}.Release|x64.ActiveCfg = Release|x64
		{92CF3B55-5B70-48F7-AF0A-0445A7532141}.Release|x64.Build.0 = Release|x64
		{92CF3B55-5B70-48F7-AF0A-0445A7532141}.Release|x86.ActiveCfg = Release|Win32
		{92CF3B55-5B70-48F7-AF0A-0445A7532141}.Release|x86.Build.0 = Release|Win32
		{3D37B536-91F3-4D7C-8F58-AE4CC2824A01}.Debug|ARM.ActiveCfg = Debug|Win32
		{3D37B536-91F3-4D7C-8F58-AE4CC2824A01}.Debug|ARM64.ActiveCfg = Debug|Win32
		{3D37B536-91F3-4D7C-8F58-AE4CC2824A01}.Debug|x64.ActiveCfg = Debug|x64
		{3D37B536-91F3-4D7C-8F58-AE4CC2824A01}.Debug|x64.Build.0 = Debug|x64
		{3D37B536-91F3-4D7C-8F58-AE4CC2824A01}.Debug|x86.ActiveCfg = Debug|Win32
		{3D37B536-91F3-4D7C-8F58-AE4CC2824A01}.Debug|x86.Build.0 = Debug|Win32
		{3D37B536-91F3-4D7C-8F58-AE4CC2824A01}.Release|ARM.ActiveCfg = Release|Win32
		{3D37B536-91F3-4D7C-8F58-AE4CC2824A01}.Release|ARM64.ActiveCfg = Release|Win32
		{3D37B536-91F3-4D7C-8F58-AE4CC2824A01}.Release|x64.ActiveCfg = Release|x64
		{3D37B536-91F3-4D7C-8F58-AE4CC2824A01}.Release|x64.Build.0 = Release|x64
		{3D37B536-91F3-4D7C-8F58-AE4CC2824A01}.Release|x86.ActiveCfg = Release|Win32
		{3D37B536-91F3-4D7C-8F58-AE4CC2824A01}.Release|x86.Build.0 = Release|Win32
	EndGlobalSection
	GlobalSection(SolutionProperties) = preSolution
		HideSolutionNode = FALSE
	EndGlobalSection
	GlobalSection(NestedProjects) = preSolution
		{2889C0F9-A24A-463D-BC30-D90E36168E9E} = {0D2AF32F-95D1-4AD0-9C91-1B8777B39513}
		{ED230649-C8E0-42C6-9D12-476C3D032AE5} = {38C1E609-D67F-463D-A373-4AFB4ABE1B18}
		{210C6470-1940-49E2-BA26-9E430E58841E} = {38C1E609-D67F-463D-A373-4AFB4ABE1B18}
		{7960A9EC-BD36-4BC3-935A-61332FC4CA92} = {38C1E609-D67F-463D-A373-4AFB4ABE1B18}
		{8E9F03C2-40BB-46BB-B625-CC8132D32458} = {5DA84248-A9DE-4227-936D-18EA04E769D3}
		{6BDF72AB-E6BA-412F-AB0A-0CC28B5BB8DF} = {5DA84248-A9DE-4227-936D-18EA04E769D3}
		{9E853DDD-2025-4E2F-9306-E64653DC3F3A} = {5DA84248-A9DE-4227-936D-18EA04E769D3}
		{92CF3B55-5B70-48F7-AF0A-0445A7532141} = {60004A07-730B-42EF-BC88-EAD97252F55E}
		{3D37B536-91F3-4D7C-8F58-AE4CC2824A01} = {38C1E609-D67F-463D-A373-4AFB4ABE1B18}
	EndGlobalSection
	GlobalSection(ExtensibilityGlobals) = postSolution
		SolutionGuid = {68C77DD7-44A9-4B22-9215-05B22D555264}
	EndGlobalSection
EndGlobal
