<?xml version="1.0" encoding="utf-8"?>
<Project ToolsVersion="4.0" xmlns="http://schemas.microsoft.com/developer/msbuild/2003">
  <ItemGroup>
    <Filter Include="Source Files">
      <UniqueIdentifier>{4FC737F1-C7A5-4376-A066-2A32D752A2FF}</UniqueIdentifier>
      <Extensions>cpp;c;cc;cxx;c++;cppm;ixx;def;odl;idl;hpj;bat;asm;asmx</Extensions>
    </Filter>
    <Filter Include="Header Files">
      <UniqueIdentifier>{93995380-89BD-4b04-88EB-625FBE52EBFB}</UniqueIdentifier>
      <Extensions>h;hh;hpp;hxx;h++;hm;inl;inc;ipp;xsd</Extensions>
    </Filter>
    <Filter Include="Render">
      <UniqueIdentifier>{f44915cb-477e-45c7-ae1f-03015b52574a}</UniqueIdentifier>
    </Filter>
    <Filter Include="Render\Shaders">
      <UniqueIdentifier>{6a6e053e-178d-4bc6-8276-e7016ad80add}</UniqueIdentifier>
    </Filter>
    <Filter Include="Render\Shaders\Header Files">
      <UniqueIdentifier>{e4ec0ee5-4a75-4bd2-a76b-316fc1c74398}</UniqueIdentifier>
    </Filter>
    <Filter Include="Render\Shaders\Source Files">
      <UniqueIdentifier>{29d1540e-ee9f-4cda-8d78-d283feaae1ae}</UniqueIdentifier>
    </Filter>
    <Filter Include="Render\Pipelines">
      <UniqueIdentifier>{a9ef22bb-e404-49fe-9c50-732b5fb4a3b5}</UniqueIdentifier>
    </Filter>
    <Filter Include="Render\Pipelines\Header Files">
      <UniqueIdentifier>{d52174ae-d8ff-4eb8-880a-cc38d466bfc2}</UniqueIdentifier>
    </Filter>
    <Filter Include="Render\Pipelines\Source Files">
      <UniqueIdentifier>{86a90527-8019-48df-b1b2-d9275d87664c}</UniqueIdentifier>
    </Filter>
  </ItemGroup>
  <ItemGroup>
    <ClCompile Include="Source.cpp">
      <Filter>Source Files</Filter>
    </ClCompile>
    <ClCompile Include="Render\Shaders\GUIShader.cpp">
      <Filter>Render\Shaders\Source Files</Filter>
    </ClCompile>
    <ClCompile Include="Render\Shaders\ModelShader.cpp">
      <Filter>Render\Shaders\Source Files</Filter>
    </ClCompile>
    <ClCompile Include="Render\Pipelines\SceneRenderPipeline.cpp">
      <Filter>Render\Pipelines\Source Files</Filter>
    </ClCompile>
  </ItemGroup>
  <ItemGroup>
    <None Include="packages.config" />
  </ItemGroup>
  <ItemGroup>
    <ClInclude Include="Render\Shaders\GUIShader.h">
      <Filter>Render\Shaders\Header Files</Filter>
    </ClInclude>
    <ClInclude Include="Render\Shaders\ModelShader.h">
      <Filter>Render\Shaders\Header Files</Filter>
    </ClInclude>
    <ClInclude Include="TextShader.h">
      <Filter>Render\Shaders\Header Files</Filter>
    </ClInclude>
    <ClInclude Include="Render\Pipelines\SceneRenderPipeline.h">
      <Filter>Render\Pipelines\Header Files</Filter>
    </ClInclude>
  </ItemGroup>
</Project>