<?xml version="1.0" encoding="utf-8"?>
<Project ToolsVersion="4.0" xmlns="http://schemas.microsoft.com/developer/msbuild/2003">
  <ItemGroup>
    <ClCompile Include="Source.cpp" />
    <ClCompile Include="Render\Shaders\GUIShader.cpp">
      <Filter>Render\Shader</Filter>
    </ClCompile>
    <ClCompile Include="Render\Shaders\ModelShader.cpp">
      <Filter>Render\Shader</Filter>
    </ClCompile>
    <ClCompile Include="Render\Pipelines\SceneRenderPipeline.cpp">
      <Filter>Render\Pipeline</Filter>
    </ClCompile>
    <ClCompile Include="Render\Scenes\TankGameScene.cpp">
      <Filter>Render\Scenes</Filter>
    </ClCompile>
    <ClCompile Include="TankControllers.cpp" />
  </ItemGroup>
  <ItemGroup>
    <ClInclude Include="Render\Shaders\GUIShader.h">
      <Filter>Render\Shader</Filter>
    </ClInclude>
    <ClInclude Include="Render\Shaders\ModelShader.h">
      <Filter>Render\Shader</Filter>
    </ClInclude>
    <ClInclude Include="Render\Pipelines\SceneRenderPipeline.h">
      <Filter>Render\Pipeline</Filter>
    </ClInclude>
    <ClInclude Include="ResourceLoader.h">
      <Filter>Header Files</Filter>
    </ClInclude>
    <ClInclude Include="Render\Scenes\TankGameScene.h">
      <Filter>Render\Scenes</Filter>
    </ClInclude>
    <ClInclude Include="Render\Shaders\TextShader.h">
      <Filter>Render\Shader</Filter>
    </ClInclude>
    <ClInclude Include="TankTracksShader.h">
      <Filter>Render\Shader</Filter>
    </ClInclude>
    <ClInclude Include="TankControllers.h">
      <Filter>Header Files</Filter>
    </ClInclude>
  </ItemGroup>
  <ItemGroup>
    <Filter Include="Render">
      <UniqueIdentifier>{8e2fd948-3553-469f-8f25-eb06ecda7eb5}</UniqueIdentifier>
    </Filter>
    <Filter Include="Render\Pipeline">
      <UniqueIdentifier>{348e463b-a6a7-4d3b-bd3b-6fb174611254}</UniqueIdentifier>
    </Filter>
    <Filter Include="Render\Shader">
      <UniqueIdentifier>{9a5f54ac-8aa0-407e-81f7-6fdb81349f0f}</UniqueIdentifier>
    </Filter>
    <Filter Include="Render\Scenes">
      <UniqueIdentifier>{1d0f551e-6e81-4596-8772-ddbdc6e1acea}</UniqueIdentifier>
    </Filter>
    <Filter Include="Header Files">
      <UniqueIdentifier>{52273277-8675-4159-982a-66d54ec9bb8e}</UniqueIdentifier>
    </Filter>
    <Filter Include="Source Files">
      <UniqueIdentifier>{690acfbf-dcdd-48c2-b489-90f3c9d8ac46}</UniqueIdentifier>
    </Filter>
  </ItemGroup>
  <ItemGroup>
    <None Include="packages.config" />
  </ItemGroup>
</Project>